
Microsoft Visual Studio Solution File, Format Version 12.00
# Visual Studio 14
VisualStudioVersion = 14.0.25420.1
MinimumVisualStudioVersion = 10.0.40219.1
Project("{FAE04EC0-301F-11D3-BF4B-00C04F79EFBC}") = "Geta.Net.Extensions", "src\Geta.Net.Extensions\Geta.Net.Extensions.csproj", "{8F1A529B-AB4F-493F-862A-E7A09A77A0F8}"
EndProject
Project("{FAE04EC0-301F-11D3-BF4B-00C04F79EFBC}") = "Geta.Net.Extensions.Tests", "tests\Geta.Net.Extensions.Tests\Geta.Net.Extensions.Tests.csproj", "{ECC756DE-9290-447A-87F0-5ADA9980C308}"
EndProject
Global
	GlobalSection(SolutionConfigurationPlatforms) = preSolution
		Debug|Any CPU = Debug|Any CPU
		Release|Any CPU = Release|Any CPU
	EndGlobalSection
	GlobalSection(ProjectConfigurationPlatforms) = postSolution
		{8F1A529B-AB4F-493F-862A-E7A09A77A0F8}.Debug|Any CPU.ActiveCfg = Debug|Any CPU
		{8F1A529B-AB4F-493F-862A-E7A09A77A0F8}.Debug|Any CPU.Build.0 = Debug|Any CPU
		{8F1A529B-AB4F-493F-862A-E7A09A77A0F8}.Release|Any CPU.ActiveCfg = Release|Any CPU
		{8F1A529B-AB4F-493F-862A-E7A09A77A0F8}.Release|Any CPU.Build.0 = Release|Any CPU
		{ECC756DE-9290-447A-87F0-5ADA9980C308}.Debug|Any CPU.ActiveCfg = Debug|Any CPU
		{ECC756DE-9290-447A-87F0-5ADA9980C308}.Debug|Any CPU.Build.0 = Debug|Any CPU
		{ECC756DE-9290-447A-87F0-5ADA9980C308}.Release|Any CPU.ActiveCfg = Release|Any CPU
		{ECC756DE-9290-447A-87F0-5ADA9980C308}.Release|Any CPU.Build.0 = Release|Any CPU
	EndGlobalSection
	GlobalSection(SolutionProperties) = preSolution
		HideSolutionNode = FALSE
	EndGlobalSection
EndGlobal
